<?xml version="1.0" encoding="utf-8"?>
<Project ToolsVersion="4.0" xmlns="http://schemas.microsoft.com/developer/msbuild/2003">
  <ItemGroup>
    <Filter Include="Source Files">
      <UniqueIdentifier>{4FC737F1-C7A5-4376-A066-2A32D752A2FF}</UniqueIdentifier>
      <Extensions>cpp;c;cc;cxx;def;odl;idl;hpj;bat;asm;asmx</Extensions>
    </Filter>
    <Filter Include="Header Files">
      <UniqueIdentifier>{93995380-89BD-4b04-88EB-625FBE52EBFB}</UniqueIdentifier>
      <Extensions>h;hh;hpp;hxx;hm;inl;inc;xsd</Extensions>
    </Filter>
    <Filter Include="Resource Files">
      <UniqueIdentifier>{67DA6AB6-F800-4c08-8B7A-83BB121AAD01}</UniqueIdentifier>
      <Extensions>rc;ico;cur;bmp;dlg;rc2;rct;bin;rgs;gif;jpg;jpeg;jpe;resx;tiff;tif;png;wav</Extensions>
    </Filter>
  </ItemGroup>
  <ItemGroup>
    <ClCompile Include="bitboard.cpp">
      <Filter>Source Files</Filter>
    </ClCompile>
    <ClCompile Include="chrono.cpp">
      <Filter>Source Files</Filter>
    </ClCompile>
    <ClCompile Include="endgame.cpp">
      <Filter>Source Files</Filter>
    </ClCompile>
    <ClCompile Include="evaluate.cpp">
      <Filter>Source Files</Filter>
    </ClCompile>
    <ClCompile Include="hash.cpp">
      <Filter>Source Files</Filter>
    </ClCompile>
    <ClCompile Include="main.cpp">
      <Filter>Source Files</Filter>
    </ClCompile>
    <ClCompile Include="material.cpp">
      <Filter>Source Files</Filter>
    </ClCompile>
    <ClCompile Include="movegen.cpp">
      <Filter>Source Files</Filter>
    </ClCompile>
    <ClCompile Include="movepick.cpp">
      <Filter>Source Files</Filter>
    </ClCompile>
    <ClCompile Include="pawn.cpp">
      <Filter>Source Files</Filter>
    </ClCompile>
    <ClCompile Include="position.cpp">
      <Filter>Source Files</Filter>
    </ClCompile>
    <ClCompile Include="pst.cpp">
      <Filter>Source Files</Filter>
    </ClCompile>
    <ClCompile Include="search.cpp">
      <Filter>Source Files</Filter>
    </ClCompile>
    <ClCompile Include="sfactor.cpp">
      <Filter>Source Files</Filter>
    </ClCompile>
    <ClCompile Include="thread.cpp">
      <Filter>Source Files</Filter>
    </ClCompile>
    <ClCompile Include="uci.cpp">
      <Filter>Source Files</Filter>
    </ClCompile>
    <ClCompile Include="zobrist.cpp">
      <Filter>Source Files</Filter>
    </ClCompile>
    <ClCompile Include="bitbase\kpk.cpp">
      <Filter>Source Files</Filter>
    </ClCompile>
    <ClCompile Include="egtb\egtb.cpp">
      <Filter>Source Files</Filter>
    </ClCompile>
    <ClCompile Include="egtb\tbprobe.cpp">
      <Filter>Source Files</Filter>
    </ClCompile>
    <ClCompile Include="util\bench.cpp">
      <Filter>Source Files</Filter>
    </ClCompile>
    <ClCompile Include="util\perft.cpp">
      <Filter>Source Files</Filter>
    </ClCompile>
    <ClCompile Include="util\util.cpp">
      <Filter>Source Files</Filter>
    </ClCompile>
    <ClCompile Include="random\random.cpp">
      <Filter>Source Files</Filter>
    </ClCompile>
    <ClCompile Include="nnue\misc.cpp">
      <Filter>Source Files</Filter>
    </ClCompile>
    <ClCompile Include="nnue\nnue.cpp">
      <Filter>Source Files</Filter>
    </ClCompile>
    <ClCompile Include="mcts\mcts.cpp">
      <Filter>Source Files</Filter>
    </ClCompile>
    <ClCompile Include="mcts\node.cpp">
      <Filter>Source Files</Filter>
    </ClCompile>
    <ClCompile Include="mcts\policy.cpp">
      <Filter>Source Files</Filter>
    </ClCompile>
    <ClCompile Include="mcts\moves.cpp">
      <Filter>Source Files</Filter>
    </ClCompile>
    <ClCompile Include="mcts\ucb.cpp">
      <Filter>Source Files</Filter>
    </ClCompile>
    <ClCompile Include="mcts\output.cpp">
      <Filter>Source Files</Filter>
    </ClCompile>
  </ItemGroup>
  <ItemGroup>
    <ClInclude Include="bitboard.h">
      <Filter>Header Files</Filter>
    </ClInclude>
    <ClInclude Include="bitop.h">
      <Filter>Header Files</Filter>
    </ClInclude>
    <ClInclude Include="chrono.h">
      <Filter>Header Files</Filter>
    </ClInclude>
    <ClInclude Include="endgame.h">
      <Filter>Header Files</Filter>
    </ClInclude>
    <ClInclude Include="evaluate.h">
      <Filter>Header Files</Filter>
    </ClInclude>
    <ClInclude Include="fire.h">
      <Filter>Header Files</Filter>
    </ClInclude>
    <ClInclude Include="hash.h">
      <Filter>Header Files</Filter>
    </ClInclude>
    <ClInclude Include="material.h">
      <Filter>Header Files</Filter>
    </ClInclude>
    <ClInclude Include="movegen.h">
      <Filter>Header Files</Filter>
    </ClInclude>
    <ClInclude Include="movepick.h">
      <Filter>Header Files</Filter>
    </ClInclude>
    <ClInclude Include="mutex.h">
      <Filter>Header Files</Filter>
    </ClInclude>
    <ClInclude Include="pawn.h">
      <Filter>Header Files</Filter>
    </ClInclude>
    <ClInclude Include="position.h">
      <Filter>Header Files</Filter>
    </ClInclude>
    <ClInclude Include="pragma.h">
      <Filter>Header Files</Filter>
    </ClInclude>
    <ClInclude Include="search.h">
      <Filter>Header Files</Filter>
    </ClInclude>
    <ClInclude Include="thread.h">
      <Filter>Header Files</Filter>
    </ClInclude>
    <ClInclude Include="uci.h">
      <Filter>Header Files</Filter>
    </ClInclude>
    <ClInclude Include="zobrist.h">
      <Filter>Header Files</Filter>
    </ClInclude>
    <ClInclude Include="egtb\tbcore.h">
      <Filter>Header Files</Filter>
    </ClInclude>
    <ClInclude Include="egtb\tbprobe.h">
      <Filter>Header Files</Filter>
    </ClInclude>
    <ClInclude Include="macro\file.h">
      <Filter>Header Files</Filter>
    </ClInclude>
    <ClInclude Include="macro\rank.h">
      <Filter>Header Files</Filter>
    </ClInclude>
    <ClInclude Include="macro\side.h">
      <Filter>Header Files</Filter>
    </ClInclude>
    <ClInclude Include="macro\square.h">
      <Filter>Header Files</Filter>
    </ClInclude>
    <ClInclude Include="util\bench.h">
      <Filter>Header Files</Filter>
    </ClInclude>
    <ClInclude Include="util\perft.h">
      <Filter>Header Files</Filter>
    </ClInclude>
    <ClInclude Include="util\util.h">
      <Filter>Header Files</Filter>
    </ClInclude>
    <ClInclude Include="macro\score.h">
      <Filter>Header Files</Filter>
    </ClInclude>
    <ClInclude Include="random\random.h">
      <Filter>Header Files</Filter>
    </ClInclude>
    <ClInclude Include="nnue\misc.h">
      <Filter>Header Files</Filter>
    </ClInclude>
    <ClInclude Include="nnue\nnue.h">
      <Filter>Header Files</Filter>
    </ClInclude>
    <ClInclude Include="mcts\mcts.h">
      <Filter>Header Files</Filter>
    </ClInclude>
    <ClInclude Include="mcts\node.h">
      <Filter>Header Files</Filter>
    </ClInclude>
    <ClInclude Include="incbin\incbin.h">
      <Filter>Header Files</Filter>
    </ClInclude>
  </ItemGroup>
</Project>